// !$*UTF8*$!
{
	archiveVersion = 1;
	classes = {
	};
	objectVersion = 46;
	objects = {

/* Begin PBXBuildFile section */
		3F3968721E5C945400B5740A /* AppDelegate.swift in Sources */ = {isa = PBXBuildFile; fileRef = 3F3968711E5C945400B5740A /* AppDelegate.swift */; };
		3F3968741E5C945400B5740A /* ViewController.swift in Sources */ = {isa = PBXBuildFile; fileRef = 3F3968731E5C945400B5740A /* ViewController.swift */; };
		3F3968771E5C945400B5740A /* Main.storyboard in Resources */ = {isa = PBXBuildFile; fileRef = 3F3968751E5C945400B5740A /* Main.storyboard */; };
		3F3968791E5C945400B5740A /* Assets.xcassets in Resources */ = {isa = PBXBuildFile; fileRef = 3F3968781E5C945400B5740A /* Assets.xcassets */; };
		3F39687C1E5C945400B5740A /* LaunchScreen.storyboard in Resources */ = {isa = PBXBuildFile; fileRef = 3F39687A1E5C945400B5740A /* LaunchScreen.storyboard */; };
		3F3968871E5C945400B5740A /* IOU_AppTests.swift in Sources */ = {isa = PBXBuildFile; fileRef = 3F3968861E5C945400B5740A /* IOU_AppTests.swift */; };
		3F3968921E5C945500B5740A /* IOU_AppUITests.swift in Sources */ = {isa = PBXBuildFile; fileRef = 3F3968911E5C945500B5740A /* IOU_AppUITests.swift */; };
		3F82DEFA1E60876F00504671 /* DetailVC.swift in Sources */ = {isa = PBXBuildFile; fileRef = 3F82DEF91E60876F00504671 /* DetailVC.swift */; };
		3FD38C971E5DE68400B63255 /* Person.swift in Sources */ = {isa = PBXBuildFile; fileRef = 3FD38C961E5DE68400B63255 /* Person.swift */; };
/* End PBXBuildFile section */

/* Begin PBXContainerItemProxy section */
		3F3968831E5C945400B5740A /* PBXContainerItemProxy */ = {
			isa = PBXContainerItemProxy;
			containerPortal = 3F3968661E5C945300B5740A /* Project object */;
			proxyType = 1;
			remoteGlobalIDString = 3F39686D1E5C945400B5740A;
			remoteInfo = "IOU App";
		};
		3F39688E1E5C945500B5740A /* PBXContainerItemProxy */ = {
			isa = PBXContainerItemProxy;
			containerPortal = 3F3968661E5C945300B5740A /* Project object */;
			proxyType = 1;
			remoteGlobalIDString = 3F39686D1E5C945400B5740A;
			remoteInfo = "IOU App";
		};
/* End PBXContainerItemProxy section */

/* Begin PBXFileReference section */
		3F39686E1E5C945400B5740A /* IOU App.app */ = {isa = PBXFileReference; explicitFileType = wrapper.application; includeInIndex = 0; path = "IOU App.app"; sourceTree = BUILT_PRODUCTS_DIR; };
		3F3968711E5C945400B5740A /* AppDelegate.swift */ = {isa = PBXFileReference; lastKnownFileType = sourcecode.swift; path = AppDelegate.swift; sourceTree = "<group>"; };
		3F3968731E5C945400B5740A /* ViewController.swift */ = {isa = PBXFileReference; lastKnownFileType = sourcecode.swift; path = ViewController.swift; sourceTree = "<group>"; };
		3F3968761E5C945400B5740A /* Base */ = {isa = PBXFileReference; lastKnownFileType = file.storyboard; name = Base; path = Base.lproj/Main.storyboard; sourceTree = "<group>"; };
		3F3968781E5C945400B5740A /* Assets.xcassets */ = {isa = PBXFileReference; lastKnownFileType = folder.assetcatalog; path = Assets.xcassets; sourceTree = "<group>"; };
		3F39687B1E5C945400B5740A /* Base */ = {isa = PBXFileReference; lastKnownFileType = file.storyboard; name = Base; path = Base.lproj/LaunchScreen.storyboard; sourceTree = "<group>"; };
		3F39687D1E5C945400B5740A /* Info.plist */ = {isa = PBXFileReference; lastKnownFileType = text.plist.xml; path = Info.plist; sourceTree = "<group>"; };
		3F3968821E5C945400B5740A /* IOU AppTests.xctest */ = {isa = PBXFileReference; explicitFileType = wrapper.cfbundle; includeInIndex = 0; path = "IOU AppTests.xctest"; sourceTree = BUILT_PRODUCTS_DIR; };
		3F3968861E5C945400B5740A /* IOU_AppTests.swift */ = {isa = PBXFileReference; lastKnownFileType = sourcecode.swift; path = IOU_AppTests.swift; sourceTree = "<group>"; };
		3F3968881E5C945400B5740A /* Info.plist */ = {isa = PBXFileReference; lastKnownFileType = text.plist.xml; path = Info.plist; sourceTree = "<group>"; };
		3F39688D1E5C945500B5740A /* IOU AppUITests.xctest */ = {isa = PBXFileReference; explicitFileType = wrapper.cfbundle; includeInIndex = 0; path = "IOU AppUITests.xctest"; sourceTree = BUILT_PRODUCTS_DIR; };
		3F3968911E5C945500B5740A /* IOU_AppUITests.swift */ = {isa = PBXFileReference; lastKnownFileType = sourcecode.swift; path = IOU_AppUITests.swift; sourceTree = "<group>"; };
		3F3968931E5C945500B5740A /* Info.plist */ = {isa = PBXFileReference; lastKnownFileType = text.plist.xml; path = Info.plist; sourceTree = "<group>"; };
		3F82DEF91E60876F00504671 /* DetailVC.swift */ = {isa = PBXFileReference; fileEncoding = 4; lastKnownFileType = sourcecode.swift; path = DetailVC.swift; sourceTree = "<group>"; };
		3FD38C961E5DE68400B63255 /* Person.swift */ = {isa = PBXFileReference; fileEncoding = 4; lastKnownFileType = sourcecode.swift; path = Person.swift; sourceTree = "<group>"; };
/* End PBXFileReference section */

/* Begin PBXFrameworksBuildPhase section */
		3F39686B1E5C945400B5740A /* Frameworks */ = {
			isa = PBXFrameworksBuildPhase;
			buildActionMask = 2147483647;
			files = (
			);
			runOnlyForDeploymentPostprocessing = 0;
		};
		3F39687F1E5C945400B5740A /* Frameworks */ = {
			isa = PBXFrameworksBuildPhase;
			buildActionMask = 2147483647;
			files = (
			);
			runOnlyForDeploymentPostprocessing = 0;
		};
		3F39688A1E5C945500B5740A /* Frameworks */ = {
			isa = PBXFrameworksBuildPhase;
			buildActionMask = 2147483647;
			files = (
			);
			runOnlyForDeploymentPostprocessing = 0;
		};
/* End PBXFrameworksBuildPhase section */

/* Begin PBXGroup section */
		3F3968651E5C945300B5740A = {
			isa = PBXGroup;
			children = (
				3F3968701E5C945400B5740A /* IOU App */,
				3F3968851E5C945400B5740A /* IOU AppTests */,
				3F3968901E5C945500B5740A /* IOU AppUITests */,
				3F39686F1E5C945400B5740A /* Products */,
			);
			sourceTree = "<group>";
		};
		3F39686F1E5C945400B5740A /* Products */ = {
			isa = PBXGroup;
			children = (
				3F39686E1E5C945400B5740A /* IOU App.app */,
				3F3968821E5C945400B5740A /* IOU AppTests.xctest */,
				3F39688D1E5C945500B5740A /* IOU AppUITests.xctest */,
			);
			name = Products;
			sourceTree = "<group>";
		};
		3F3968701E5C945400B5740A /* IOU App */ = {
			isa = PBXGroup;
			children = (
				3F3968711E5C945400B5740A /* AppDelegate.swift */,
				3F3968731E5C945400B5740A /* ViewController.swift */,
				3F3968751E5C945400B5740A /* Main.storyboard */,
				3F82DEF91E60876F00504671 /* DetailVC.swift */,
				3FD38C961E5DE68400B63255 /* Person.swift */,
				3F3968781E5C945400B5740A /* Assets.xcassets */,
				3F39687A1E5C945400B5740A /* LaunchScreen.storyboard */,
				3F39687D1E5C945400B5740A /* Info.plist */,
			);
			path = "IOU App";
			sourceTree = "<group>";
		};
		3F3968851E5C945400B5740A /* IOU AppTests */ = {
			isa = PBXGroup;
			children = (
				3F3968861E5C945400B5740A /* IOU_AppTests.swift */,
				3F3968881E5C945400B5740A /* Info.plist */,
			);
			path = "IOU AppTests";
			sourceTree = "<group>";
		};
		3F3968901E5C945500B5740A /* IOU AppUITests */ = {
			isa = PBXGroup;
			children = (
				3F3968911E5C945500B5740A /* IOU_AppUITests.swift */,
				3F3968931E5C945500B5740A /* Info.plist */,
			);
			path = "IOU AppUITests";
			sourceTree = "<group>";
		};
/* End PBXGroup section */

/* Begin PBXNativeTarget section */
		3F39686D1E5C945400B5740A /* IOU App */ = {
			isa = PBXNativeTarget;
			buildConfigurationList = 3F3968961E5C945500B5740A /* Build configuration list for PBXNativeTarget "IOU App" */;
			buildPhases = (
				3F39686A1E5C945400B5740A /* Sources */,
				3F39686B1E5C945400B5740A /* Frameworks */,
				3F39686C1E5C945400B5740A /* Resources */,
			);
			buildRules = (
			);
			dependencies = (
			);
			name = "IOU App";
			productName = "IOU App";
			productReference = 3F39686E1E5C945400B5740A /* IOU App.app */;
			productType = "com.apple.product-type.application";
		};
		3F3968811E5C945400B5740A /* IOU AppTests */ = {
			isa = PBXNativeTarget;
			buildConfigurationList = 3F3968991E5C945500B5740A /* Build configuration list for PBXNativeTarget "IOU AppTests" */;
			buildPhases = (
				3F39687E1E5C945400B5740A /* Sources */,
				3F39687F1E5C945400B5740A /* Frameworks */,
				3F3968801E5C945400B5740A /* Resources */,
			);
			buildRules = (
			);
			dependencies = (
				3F3968841E5C945400B5740A /* PBXTargetDependency */,
			);
			name = "IOU AppTests";
			productName = "IOU AppTests";
			productReference = 3F3968821E5C945400B5740A /* IOU AppTests.xctest */;
			productType = "com.apple.product-type.bundle.unit-test";
		};
		3F39688C1E5C945500B5740A /* IOU AppUITests */ = {
			isa = PBXNativeTarget;
			buildConfigurationList = 3F39689C1E5C945500B5740A /* Build configuration list for PBXNativeTarget "IOU AppUITests" */;
			buildPhases = (
				3F3968891E5C945500B5740A /* Sources */,
				3F39688A1E5C945500B5740A /* Frameworks */,
				3F39688B1E5C945500B5740A /* Resources */,
			);
			buildRules = (
			);
			dependencies = (
				3F39688F1E5C945500B5740A /* PBXTargetDependency */,
			);
			name = "IOU AppUITests";
			productName = "IOU AppUITests";
			productReference = 3F39688D1E5C945500B5740A /* IOU AppUITests.xctest */;
			productType = "com.apple.product-type.bundle.ui-testing";
		};
/* End PBXNativeTarget section */

/* Begin PBXProject section */
		3F3968661E5C945300B5740A /* Project object */ = {
			isa = PBXProject;
			attributes = {
				LastSwiftUpdateCheck = 0810;
				LastUpgradeCheck = 0810;
				ORGANIZATIONNAME = Student;
				TargetAttributes = {
					3F39686D1E5C945400B5740A = {
						CreatedOnToolsVersion = 8.1;
						ProvisioningStyle = Automatic;
					};
					3F3968811E5C945400B5740A = {
						CreatedOnToolsVersion = 8.1;
						ProvisioningStyle = Automatic;
						TestTargetID = 3F39686D1E5C945400B5740A;
					};
					3F39688C1E5C945500B5740A = {
						CreatedOnToolsVersion = 8.1;
						ProvisioningStyle = Automatic;
						TestTargetID = 3F39686D1E5C945400B5740A;
					};
				};
			};
			buildConfigurationList = 3F3968691E5C945400B5740A /* Build configuration list for PBXProject "IOU App" */;
			compatibilityVersion = "Xcode 3.2";
			developmentRegion = English;
			hasScannedForEncodings = 0;
			knownRegions = (
				en,
				Base,
			);
			mainGroup = 3F3968651E5C945300B5740A;
			productRefGroup = 3F39686F1E5C945400B5740A /* Products */;
			projectDirPath = "";
			projectRoot = "";
			targets = (
				3F39686D1E5C945400B5740A /* IOU App */,
				3F3968811E5C945400B5740A /* IOU AppTests */,
				3F39688C1E5C945500B5740A /* IOU AppUITests */,
			);
		};
/* End PBXProject section */

/* Begin PBXResourcesBuildPhase section */
		3F39686C1E5C945400B5740A /* Resources */ = {
			isa = PBXResourcesBuildPhase;
			buildActionMask = 2147483647;
			files = (
				3F39687C1E5C945400B5740A /* LaunchScreen.storyboard in Resources */,
				3F3968791E5C945400B5740A /* Assets.xcassets in Resources */,
				3F3968771E5C945400B5740A /* Main.storyboard in Resources */,
			);
			runOnlyForDeploymentPostprocessing = 0;
		};
		3F3968801E5C945400B5740A /* Resources */ = {
			isa = PBXResourcesBuildPhase;
			buildActionMask = 2147483647;
			files = (
			);
			runOnlyForDeploymentPostprocessing = 0;
		};
		3F39688B1E5C945500B5740A /* Resources */ = {
			isa = PBXResourcesBuildPhase;
			buildActionMask = 2147483647;
			files = (
			);
			runOnlyForDeploymentPostprocessing = 0;
		};
/* End PBXResourcesBuildPhase section */

/* Begin PBXSourcesBuildPhase section */
		3F39686A1E5C945400B5740A /* Sources */ = {
			isa = PBXSourcesBuildPhase;
			buildActionMask = 2147483647;
			files = (
				3FD38C971E5DE68400B63255 /* Person.swift in Sources */,
				3F82DEFA1E60876F00504671 /* DetailVC.swift in Sources */,
				3F3968741E5C945400B5740A /* ViewController.swift in Sources */,
				3F3968721E5C945400B5740A /* AppDelegate.swift in Sources */,
			);
			runOnlyForDeploymentPostprocessing = 0;
		};
		3F39687E1E5C945400B5740A /* Sources */ = {
			isa = PBXSourcesBuildPhase;
			buildActionMask = 2147483647;
			files = (
				3F3968871E5C945400B5740A /* IOU_AppTests.swift in Sources */,
			);
			runOnlyForDeploymentPostprocessing = 0;
		};
		3F3968891E5C945500B5740A /* Sources */ = {
			isa = PBXSourcesBuildPhase;
			buildActionMask = 2147483647;
			files = (
				3F3968921E5C945500B5740A /* IOU_AppUITests.swift in Sources */,
			);
			runOnlyForDeploymentPostprocessing = 0;
		};
/* End PBXSourcesBuildPhase section */

/* Begin PBXTargetDependency section */
		3F3968841E5C945400B5740A /* PBXTargetDependency */ = {
			isa = PBXTargetDependency;
			target = 3F39686D1E5C945400B5740A /* IOU App */;
			targetProxy = 3F3968831E5C945400B5740A /* PBXContainerItemProxy */;
		};
		3F39688F1E5C945500B5740A /* PBXTargetDependency */ = {
			isa = PBXTargetDependency;
			target = 3F39686D1E5C945400B5740A /* IOU App */;
			targetProxy = 3F39688E1E5C945500B5740A /* PBXContainerItemProxy */;
		};
/* End PBXTargetDependency section */

/* Begin PBXVariantGroup section */
		3F3968751E5C945400B5740A /* Main.storyboard */ = {
			isa = PBXVariantGroup;
			children = (
				3F3968761E5C945400B5740A /* Base */,
			);
			name = Main.storyboard;
			sourceTree = "<group>";
		};
		3F39687A1E5C945400B5740A /* LaunchScreen.storyboard */ = {
			isa = PBXVariantGroup;
			children = (
				3F39687B1E5C945400B5740A /* Base */,
			);
			name = LaunchScreen.storyboard;
			sourceTree = "<group>";
		};
/* End PBXVariantGroup section */

/* Begin XCBuildConfiguration section */
		3F3968941E5C945500B5740A /* Debug */ = {
			isa = XCBuildConfiguration;
			buildSettings = {
				ALWAYS_SEARCH_USER_PATHS = NO;
				CLANG_ANALYZER_NONNULL = YES;
				CLANG_CXX_LANGUAGE_STANDARD = "gnu++0x";
				CLANG_CXX_LIBRARY = "libc++";
				CLANG_ENABLE_MODULES = YES;
				CLANG_ENABLE_OBJC_ARC = YES;
				CLANG_WARN_BOOL_CONVERSION = YES;
				CLANG_WARN_CONSTANT_CONVERSION = YES;
				CLANG_WARN_DIRECT_OBJC_ISA_USAGE = YES_ERROR;
				CLANG_WARN_DOCUMENTATION_COMMENTS = YES;
				CLANG_WARN_EMPTY_BODY = YES;
				CLANG_WARN_ENUM_CONVERSION = YES;
				CLANG_WARN_INFINITE_RECURSION = YES;
				CLANG_WARN_INT_CONVERSION = YES;
				CLANG_WARN_OBJC_ROOT_CLASS = YES_ERROR;
				CLANG_WARN_SUSPICIOUS_MOVES = YES;
				CLANG_WARN_UNREACHABLE_CODE = YES;
				CLANG_WARN__DUPLICATE_METHOD_MATCH = YES;
				"CODE_SIGN_IDENTITY[sdk=iphoneos*]" = "iPhone Developer";
				COPY_PHASE_STRIP = NO;
				DEBUG_INFORMATION_FORMAT = dwarf;
				ENABLE_STRICT_OBJC_MSGSEND = YES;
				ENABLE_TESTABILITY = YES;
				GCC_C_LANGUAGE_STANDARD = gnu99;
				GCC_DYNAMIC_NO_PIC = NO;
				GCC_NO_COMMON_BLOCKS = YES;
				GCC_OPTIMIZATION_LEVEL = 0;
				GCC_PREPROCESSOR_DEFINITIONS = (
					"DEBUG=1",
					"$(inherited)",
				);
				GCC_WARN_64_TO_32_BIT_CONVERSION = YES;
				GCC_WARN_ABOUT_RETURN_TYPE = YES_ERROR;
				GCC_WARN_UNDECLARED_SELECTOR = YES;
				GCC_WARN_UNINITIALIZED_AUTOS = YES_AGGRESSIVE;
				GCC_WARN_UNUSED_FUNCTION = YES;
				GCC_WARN_UNUSED_VARIABLE = YES;
				IPHONEOS_DEPLOYMENT_TARGET = 10.1;
				MTL_ENABLE_DEBUG_INFO = YES;
				ONLY_ACTIVE_ARCH = YES;
				SDKROOT = iphoneos;
				SWIFT_ACTIVE_COMPILATION_CONDITIONS = DEBUG;
				SWIFT_OPTIMIZATION_LEVEL = "-Onone";
				TARGETED_DEVICE_FAMILY = "1,2";
			};
			name = Debug;
		};
		3F3968951E5C945500B5740A /* Release */ = {
			isa = XCBuildConfiguration;
			buildSettings = {
				ALWAYS_SEARCH_USER_PATHS = NO;
				CLANG_ANALYZER_NONNULL = YES;
				CLANG_CXX_LANGUAGE_STANDARD = "gnu++0x";
				CLANG_CXX_LIBRARY = "libc++";
				CLANG_ENABLE_MODULES = YES;
				CLANG_ENABLE_OBJC_ARC = YES;
				CLANG_WARN_BOOL_CONVERSION = YES;
				CLANG_WARN_CONSTANT_CONVERSION = YES;
				CLANG_WARN_DIRECT_OBJC_ISA_USAGE = YES_ERROR;
				CLANG_WARN_DOCUMENTATION_COMMENTS = YES;
				CLANG_WARN_EMPTY_BODY = YES;
				CLANG_WARN_ENUM_CONVERSION = YES;
				CLANG_WARN_INFINITE_RECURSION = YES;
				CLANG_WARN_INT_CONVERSION = YES;
				CLANG_WARN_OBJC_ROOT_CLASS = YES_ERROR;
				CLANG_WARN_SUSPICIOUS_MOVES = YES;
				CLANG_WARN_UNREACHABLE_CODE = YES;
				CLANG_WARN__DUPLICATE_METHOD_MATCH = YES;
				"CODE_SIGN_IDENTITY[sdk=iphoneos*]" = "iPhone Developer";
				COPY_PHASE_STRIP = NO;
				DEBUG_INFORMATION_FORMAT = "dwarf-with-dsym";
				ENABLE_NS_ASSERTIONS = NO;
				ENABLE_STRICT_OBJC_MSGSEND = YES;
				GCC_C_LANGUAGE_STANDARD = gnu99;
				GCC_NO_COMMON_BLOCKS = YES;
				GCC_WARN_64_TO_32_BIT_CONVERSION = YES;
				GCC_WARN_ABOUT_RETURN_TYPE = YES_ERROR;
				GCC_WARN_UNDECLARED_SELECTOR = YES;
				GCC_WARN_UNINITIALIZED_AUTOS = YES_AGGRESSIVE;
				GCC_WARN_UNUSED_FUNCTION = YES;
				GCC_WARN_UNUSED_VARIABLE = YES;
				IPHONEOS_DEPLOYMENT_TARGET = 10.1;
				MTL_ENABLE_DEBUG_INFO = NO;
				SDKROOT = iphoneos;
				SWIFT_OPTIMIZATION_LEVEL = "-Owholemodule";
				TARGETED_DEVICE_FAMILY = "1,2";
				VALIDATE_PRODUCT = YES;
			};
			name = Release;
		};
		3F3968971E5C945500B5740A /* Debug */ = {
			isa = XCBuildConfiguration;
			buildSettings = {
				ASSETCATALOG_COMPILER_APPICON_NAME = AppIcon;
				INFOPLIST_FILE = "IOU App/Info.plist";
				LD_RUNPATH_SEARCH_PATHS = "$(inherited) @executable_path/Frameworks";
				PRODUCT_BUNDLE_IDENTIFIER = "Things.IOU-App";
				PRODUCT_NAME = "$(TARGET_NAME)";
				SWIFT_VERSION = 3.0;
			};
			name = Debug;
		};
		3F3968981E5C945500B5740A /* Release */ = {
			isa = XCBuildConfiguration;
			buildSettings = {
				ASSETCATALOG_COMPILER_APPICON_NAME = AppIcon;
				INFOPLIST_FILE = "IOU App/Info.plist";
				LD_RUNPATH_SEARCH_PATHS = "$(inherited) @executable_path/Frameworks";
				PRODUCT_BUNDLE_IDENTIFIER = "Things.IOU-App";
				PRODUCT_NAME = "$(TARGET_NAME)";
				SWIFT_VERSION = 3.0;
			};
			name = Release;
		};
		3F39689A1E5C945500B5740A /* Debug */ = {
			isa = XCBuildConfiguration;
			buildSettings = {
				ALWAYS_EMBED_SWIFT_STANDARD_LIBRARIES = YES;
				BUNDLE_LOADER = "$(TEST_HOST)";
				INFOPLIST_FILE = "IOU AppTests/Info.plist";
				LD_RUNPATH_SEARCH_PATHS = "$(inherited) @executable_path/Frameworks @loader_path/Frameworks";
				PRODUCT_BUNDLE_IDENTIFIER = "Things.IOU-AppTests";
				PRODUCT_NAME = "$(TARGET_NAME)";
				SWIFT_VERSION = 3.0;
				TEST_HOST = "$(BUILT_PRODUCTS_DIR)/IOU App.app/IOU App";
			};
			name = Debug;
		};
		3F39689B1E5C945500B5740A /* Release */ = {
			isa = XCBuildConfiguration;
			buildSettings = {
				ALWAYS_EMBED_SWIFT_STANDARD_LIBRARIES = YES;
				BUNDLE_LOADER = "$(TEST_HOST)";
				INFOPLIST_FILE = "IOU AppTests/Info.plist";
				LD_RUNPATH_SEARCH_PATHS = "$(inherited) @executable_path/Frameworks @loader_path/Frameworks";
				PRODUCT_BUNDLE_IDENTIFIER = "Things.IOU-AppTests";
				PRODUCT_NAME = "$(TARGET_NAME)";
				SWIFT_VERSION = 3.0;
				TEST_HOST = "$(BUILT_PRODUCTS_DIR)/IOU App.app/IOU App";
			};
			name = Release;
		};
		3F39689D1E5C945500B5740A /* Debug */ = {
			isa = XCBuildConfiguration;
			buildSettings = {
				ALWAYS_EMBED_SWIFT_STANDARD_LIBRARIES = YES;
				INFOPLIST_FILE = "IOU AppUITests/Info.plist";
				LD_RUNPATH_SEARCH_PATHS = "$(inherited) @executable_path/Frameworks @loader_path/Frameworks";
				PRODUCT_BUNDLE_IDENTIFIER = "Things.IOU-AppUITests";
				PRODUCT_NAME = "$(TARGET_NAME)";
				SWIFT_VERSION = 3.0;
				TEST_TARGET_NAME = "IOU App";
			};
			name = Debug;
		};
		3F39689E1E5C945500B5740A /* Release */ = {
			isa = XCBuildConfiguration;
			buildSettings = {
				ALWAYS_EMBED_SWIFT_STANDARD_LIBRARIES = YES;
				INFOPLIST_FILE = "IOU AppUITests/Info.plist";
				LD_RUNPATH_SEARCH_PATHS = "$(inherited) @executable_path/Frameworks @loader_path/Frameworks";
				PRODUCT_BUNDLE_IDENTIFIER = "Things.IOU-AppUITests";
				PRODUCT_NAME = "$(TARGET_NAME)";
				SWIFT_VERSION = 3.0;
				TEST_TARGET_NAME = "IOU App";
			};
			name = Release;
		};
/* End XCBuildConfiguration section */

/* Begin XCConfigurationList section */
		3F3968691E5C945400B5740A /* Build configuration list for PBXProject "IOU App" */ = {
			isa = XCConfigurationList;
			buildConfigurations = (
				3F3968941E5C945500B5740A /* Debug */,
				3F3968951E5C945500B5740A /* Release */,
			);
			defaultConfigurationIsVisible = 0;
			defaultConfigurationName = Release;
		};
		3F3968961E5C945500B5740A /* Build configuration list for PBXNativeTarget "IOU App" */ = {
			isa = XCConfigurationList;
			buildConfigurations = (
				3F3968971E5C945500B5740A /* Debug */,
				3F3968981E5C945500B5740A /* Release */,
			);
			defaultConfigurationIsVisible = 0;
			defaultConfigurationName = Release;
		};
		3F3968991E5C945500B5740A /* Build configuration list for PBXNativeTarget "IOU AppTests" */ = {
			isa = XCConfigurationList;
			buildConfigurations = (
				3F39689A1E5C945500B5740A /* Debug */,
				3F39689B1E5C945500B5740A /* Release */,
			);
			defaultConfigurationIsVisible = 0;
			defaultConfigurationName = Release;
		};
		3F39689C1E5C945500B5740A /* Build configuration list for PBXNativeTarget "IOU AppUITests" */ = {
			isa = XCConfigurationList;
			buildConfigurations = (
				3F39689D1E5C945500B5740A /* Debug */,
				3F39689E1E5C945500B5740A /* Release */,
			);
			defaultConfigurationIsVisible = 0;
			defaultConfigurationName = Release;
		};
/* End XCConfigurationList section */
	};
	rootObject = 3F3968661E5C945300B5740A /* Project object */;
}
